
Microsoft Visual Studio Solution File, Format Version 12.00
# Visual Studio Version 17
VisualStudioVersion = 17.10.35122.118
MinimumVisualStudioVersion = 10.0.40219.1
Project("{9A19103F-16F7-4668-BE54-9A1E7A4F7556}") = "GeniusSquareWeb.Server", "GeniusSquareWeb.Server\GeniusSquareWeb.Server.csproj", "{A6087B6A-E5BB-4F3A-BB01-6B493E23CA57}"
EndProject
Project("{54A90642-561A-4BB1-A94E-469ADEE60C69}") = "geniussquareweb.client", "geniussquareweb.client\geniussquareweb.client.esproj", "{758FA8EA-49C5-4390-9916-E35C6EAFD484}"
EndProject
Project("{2150E333-8FDC-42A3-9474-1A3956D46DE8}") = "test", "test", "{7F318E97-4CEB-476F-A4E4-E3347BF20590}"
EndProject
Project("{2150E333-8FDC-42A3-9474-1A3956D46DE8}") = "src", "src", "{86111608-9C61-4B49-8A44-1D9892FF6ECB}"
EndProject
Project("{9A19103F-16F7-4668-BE54-9A1E7A4F7556}") = "GameSolvers", "src\GameSolvers\GameSolvers.csproj", "{0736AB40-1B0B-424E-AE57-AAFAEF5D8033}"
EndProject
Project("{9A19103F-16F7-4668-BE54-9A1E7A4F7556}") = "GameSolversTests", "test\GameSolversTests\GameSolversTests.csproj", "{885DF288-BEB7-4D56-A5D2-7E1B87F0B07D}"
EndProject
Project("{9A19103F-16F7-4668-BE54-9A1E7A4F7556}") = "GameElements", "src\GameElements\GameElements.csproj", "{3549EFD3-B1AF-4ABF-ADE1-C674CC6760C5}"
EndProject
Project("{9A19103F-16F7-4668-BE54-9A1E7A4F7556}") = "GameElementsTests", "test\GameElementsTests\GameElementsTests.csproj", "{E45996FE-2D99-4A38-A62A-C1F608ACC28E}"
EndProject
Project("{9A19103F-16F7-4668-BE54-9A1E7A4F7556}") = "SolverBenchmark", "src\SolverBenchmark\SolverBenchmark.csproj", "{42B75EA8-418A-4D7C-BB0D-E82FB2DD19C1}"
EndProject
Global
	GlobalSection(SolutionConfigurationPlatforms) = preSolution
		Debug|Any CPU = Debug|Any CPU
		Release|Any CPU = Release|Any CPU
	EndGlobalSection
	GlobalSection(ProjectConfigurationPlatforms) = postSolution
		{A6087B6A-E5BB-4F3A-BB01-6B493E23CA57}.Debug|Any CPU.ActiveCfg = Debug|Any CPU
		{A6087B6A-E5BB-4F3A-BB01-6B493E23CA57}.Debug|Any CPU.Build.0 = Debug|Any CPU
		{A6087B6A-E5BB-4F3A-BB01-6B493E23CA57}.Release|Any CPU.ActiveCfg = Release|Any CPU
		{A6087B6A-E5BB-4F3A-BB01-6B493E23CA57}.Release|Any CPU.Build.0 = Release|Any CPU
		{758FA8EA-49C5-4390-9916-E35C6EAFD484}.Debug|Any CPU.ActiveCfg = Debug|Any CPU
		{758FA8EA-49C5-4390-9916-E35C6EAFD484}.Debug|Any CPU.Build.0 = Debug|Any CPU
		{758FA8EA-49C5-4390-9916-E35C6EAFD484}.Debug|Any CPU.Deploy.0 = Debug|Any CPU
		{758FA8EA-49C5-4390-9916-E35C6EAFD484}.Release|Any CPU.ActiveCfg = Release|Any CPU
		{758FA8EA-49C5-4390-9916-E35C6EAFD484}.Release|Any CPU.Build.0 = Release|Any CPU
		{758FA8EA-49C5-4390-9916-E35C6EAFD484}.Release|Any CPU.Deploy.0 = Release|Any CPU
		{0736AB40-1B0B-424E-AE57-AAFAEF5D8033}.Debug|Any CPU.ActiveCfg = Debug|Any CPU
		{0736AB40-1B0B-424E-AE57-AAFAEF5D8033}.Debug|Any CPU.Build.0 = Debug|Any CPU
		{0736AB40-1B0B-424E-AE57-AAFAEF5D8033}.Release|Any CPU.ActiveCfg = Release|Any CPU
		{0736AB40-1B0B-424E-AE57-AAFAEF5D8033}.Release|Any CPU.Build.0 = Release|Any CPU
		{885DF288-BEB7-4D56-A5D2-7E1B87F0B07D}.Debug|Any CPU.ActiveCfg = Debug|Any CPU
		{885DF288-BEB7-4D56-A5D2-7E1B87F0B07D}.Debug|Any CPU.Build.0 = Debug|Any CPU
		{885DF288-BEB7-4D56-A5D2-7E1B87F0B07D}.Release|Any CPU.ActiveCfg = Release|Any CPU
		{885DF288-BEB7-4D56-A5D2-7E1B87F0B07D}.Release|Any CPU.Build.0 = Release|Any CPU
		{3549EFD3-B1AF-4ABF-ADE1-C674CC6760C5}.Debug|Any CPU.ActiveCfg = Debug|Any CPU
		{3549EFD3-B1AF-4ABF-ADE1-C674CC6760C5}.Debug|Any CPU.Build.0 = Debug|Any CPU
		{3549EFD3-B1AF-4ABF-ADE1-C674CC6760C5}.Release|Any CPU.ActiveCfg = Release|Any CPU
		{3549EFD3-B1AF-4ABF-ADE1-C674CC6760C5}.Release|Any CPU.Build.0 = Release|Any CPU
		{E45996FE-2D99-4A38-A62A-C1F608ACC28E}.Debug|Any CPU.ActiveCfg = Debug|Any CPU
		{E45996FE-2D99-4A38-A62A-C1F608ACC28E}.Debug|Any CPU.Build.0 = Debug|Any CPU
		{E45996FE-2D99-4A38-A62A-C1F608ACC28E}.Release|Any CPU.ActiveCfg = Release|Any CPU
		{E45996FE-2D99-4A38-A62A-C1F608ACC28E}.Release|Any CPU.Build.0 = Release|Any CPU
		{42B75EA8-418A-4D7C-BB0D-E82FB2DD19C1}.Debug|Any CPU.ActiveCfg = Debug|Any CPU
		{42B75EA8-418A-4D7C-BB0D-E82FB2DD19C1}.Debug|Any CPU.Build.0 = Debug|Any CPU
		{42B75EA8-418A-4D7C-BB0D-E82FB2DD19C1}.Release|Any CPU.ActiveCfg = Release|Any CPU
		{42B75EA8-418A-4D7C-BB0D-E82FB2DD19C1}.Release|Any CPU.Build.0 = Release|Any CPU
	EndGlobalSection
	GlobalSection(SolutionProperties) = preSolution
		HideSolutionNode = FALSE
	EndGlobalSection
	GlobalSection(NestedProjects) = preSolution
		{0736AB40-1B0B-424E-AE57-AAFAEF5D8033} = {86111608-9C61-4B49-8A44-1D9892FF6ECB}
		{885DF288-BEB7-4D56-A5D2-7E1B87F0B07D} = {7F318E97-4CEB-476F-A4E4-E3347BF20590}
		{3549EFD3-B1AF-4ABF-ADE1-C674CC6760C5} = {86111608-9C61-4B49-8A44-1D9892FF6ECB}
		{E45996FE-2D99-4A38-A62A-C1F608ACC28E} = {7F318E97-4CEB-476F-A4E4-E3347BF20590}
		{42B75EA8-418A-4D7C-BB0D-E82FB2DD19C1} = {86111608-9C61-4B49-8A44-1D9892FF6ECB}
	EndGlobalSection
	GlobalSection(ExtensibilityGlobals) = postSolution
		SolutionGuid = {D8AC0AA7-161D-4C1D-ACF5-F8CFAEABD3DE}
	EndGlobalSection
EndGlobal
